
Microsoft Visual Studio Solution File, Format Version 12.00
# Visual Studio Version 17
VisualStudioVersion = 17.3.32819.101
MinimumVisualStudioVersion = 10.0.40219.1
Project("{FAE04EC0-301F-11D3-BF4B-00C04F79EFBC}") = "Web_Api_Modul_34", "Web_Api_Modul_34\Web_Api_Modul_34.csproj", "{4C3C630B-3D60-4FF6-977D-D9A870445315}"
	ProjectSection(ProjectDependencies) = postProject
		{1572E1FE-4024-4568-9E49-682F5D5D6C77} = {1572E1FE-4024-4568-9E49-682F5D5D6C77}
	EndProjectSection
EndProject
Project("{FAE04EC0-301F-11D3-BF4B-00C04F79EFBC}") = "HomeApi.Contracts", "HomeApi.Contracts\HomeApi.Contracts.csproj", "{1572E1FE-4024-4568-9E49-682F5D5D6C77}"
EndProject
Global
	GlobalSection(SolutionConfigurationPlatforms) = preSolution
		Debug|Any CPU = Debug|Any CPU
		Release|Any CPU = Release|Any CPU
	EndGlobalSection
	GlobalSection(ProjectConfigurationPlatforms) = postSolution
		{4C3C630B-3D60-4FF6-977D-D9A870445315}.Debug|Any CPU.ActiveCfg = Debug|Any CPU
		{4C3C630B-3D60-4FF6-977D-D9A870445315}.Debug|Any CPU.Build.0 = Debug|Any CPU
		{4C3C630B-3D60-4FF6-977D-D9A870445315}.Release|Any CPU.ActiveCfg = Release|Any CPU
		{4C3C630B-3D60-4FF6-977D-D9A870445315}.Release|Any CPU.Build.0 = Release|Any CPU
		{1572E1FE-4024-4568-9E49-682F5D5D6C77}.Debug|Any CPU.ActiveCfg = Debug|Any CPU
		{1572E1FE-4024-4568-9E49-682F5D5D6C77}.Debug|Any CPU.Build.0 = Debug|Any CPU
		{1572E1FE-4024-4568-9E49-682F5D5D6C77}.Release|Any CPU.ActiveCfg = Release|Any CPU
		{1572E1FE-4024-4568-9E49-682F5D5D6C77}.Release|Any CPU.Build.0 = Release|Any CPU
	EndGlobalSection
	GlobalSection(SolutionProperties) = preSolution
		HideSolutionNode = FALSE
	EndGlobalSection
	GlobalSection(ExtensibilityGlobals) = postSolution
		SolutionGuid = {306A2763-001F-411F-B65D-D21D62CB384A}
	EndGlobalSection
EndGlobal
